
Microsoft Visual Studio Solution File, Format Version 12.00
# Visual Studio Version 17
VisualStudioVersion = 17.5.002.0
MinimumVisualStudioVersion = 10.0.40219.1
Project("{9A19103F-16F7-4668-BE54-9A1E7A4F7556}") = "MyWebApp", "MyWebApp\MyWebApp.csproj", "{69BE9EC7-7B68-4FFD-BCF6-EE9D94F6783B}"
EndProject
Global
	GlobalSection(SolutionConfigurationPlatforms) = preSolution
		Debug|Any CPU = Debug|Any CPU
		Release|Any CPU = Release|Any CPU
	EndGlobalSection
	GlobalSection(ProjectConfigurationPlatforms) = postSolution
		{69BE9EC7-7B68-4FFD-BCF6-EE9D94F6783B}.Debug|Any CPU.ActiveCfg = Debug|Any CPU
		{69BE9EC7-7B68-4FFD-BCF6-EE9D94F6783B}.Debug|Any CPU.Build.0 = Debug|Any CPU
		{69BE9EC7-7B68-4FFD-BCF6-EE9D94F6783B}.Release|Any CPU.ActiveCfg = Release|Any CPU
		{69BE9EC7-7B68-4FFD-BCF6-EE9D94F6783B}.Release|Any CPU.Build.0 = Release|Any CPU
	EndGlobalSection
	GlobalSection(SolutionProperties) = preSolution
		HideSolutionNode = FALSE
	EndGlobalSection
	GlobalSection(ExtensibilityGlobals) = postSolution
		SolutionGuid = {D48A6FC3-FF8F-4275-9569-880131A56080}
	EndGlobalSection
EndGlobal
